
Microsoft Visual Studio Solution File, Format Version 12.00
# Visual Studio Version 16
VisualStudioVersion = 16.0.29215.179
MinimumVisualStudioVersion = 10.0.40219.1
Project("{8BC9CEB8-8B4A-11D0-8D11-00A0C91BC942}") = "tetris", "tetris\tetris.vcxproj", "{CC0DA9CA-0DCA-48B4-B3B0-ACD6B6305509}"
EndProject
Global
	GlobalSection(SolutionConfigurationPlatforms) = preSolution
		Debug|x64 = Debug|x64
		Debug|x86 = Debug|x86
		Release|x64 = Release|x64
		Release|x86 = Release|x86
	EndGlobalSection
	GlobalSection(ProjectConfigurationPlatforms) = postSolution
		{CC0DA9CA-0DCA-48B4-B3B0-ACD6B6305509}.Debug|x64.ActiveCfg = Debug|x64
		{CC0DA9CA-0DCA-48B4-B3B0-ACD6B6305509}.Debug|x64.Build.0 = Debug|x64
		{CC0DA9CA-0DCA-48B4-B3B0-ACD6B6305509}.Debug|x86.ActiveCfg = Debug|Win32
		{CC0DA9CA-0DCA-48B4-B3B0-ACD6B6305509}.Debug|x86.Build.0 = Debug|Win32
		{CC0DA9CA-0DCA-48B4-B3B0-ACD6B6305509}.Release|x64.ActiveCfg = Release|x64
		{CC0DA9CA-0DCA-48B4-B3B0-ACD6B6305509}.Release|x64.Build.0 = Release|x64
		{CC0DA9CA-0DCA-48B4-B3B0-ACD6B6305509}.Release|x86.ActiveCfg = Release|Win32
		{CC0DA9CA-0DCA-48B4-B3B0-ACD6B6305509}.Release|x86.Build.0 = Release|Win32
	EndGlobalSection
	GlobalSection(SolutionProperties) = preSolution
		HideSolutionNode = FALSE
	EndGlobalSection
	GlobalSection(ExtensibilityGlobals) = postSolution
		SolutionGuid = {B6DB6236-C332-48ED-9235-28AA7DFAFA9E}
	EndGlobalSection
EndGlobal
