<?xml version="1.0" encoding="utf-8"?>
<Project ToolsVersion="4.0" xmlns="http://schemas.microsoft.com/developer/msbuild/2003">
  <ItemGroup>
    <Filter Include="Source Files">
      <UniqueIdentifier>{4FC737F1-C7A5-4376-A066-2A32D752A2FF}</UniqueIdentifier>
      <Extensions>cpp;c;cc;cxx;def;odl;idl;hpj;bat;asm;asmx</Extensions>
    </Filter>
    <Filter Include="Header Files">
      <UniqueIdentifier>{93995380-89BD-4b04-88EB-625FBE52EBFB}</UniqueIdentifier>
      <Extensions>h;hh;hpp;hxx;hm;inl;inc;ipp;xsd</Extensions>
    </Filter>
    <Filter Include="Resource Files">
      <UniqueIdentifier>{67DA6AB6-F800-4c08-8B7A-83BB121AAD01}</UniqueIdentifier>
      <Extensions>rc;ico;cur;bmp;dlg;rc2;rct;bin;rgs;gif;jpg;jpeg;jpe;resx;tiff;tif;png;wav;mfcribbon-ms</Extensions>
    </Filter>
    <Filter Include="Source Files\Utils">
      <UniqueIdentifier>{cfd705f3-c928-4036-9dd6-6ca1086e6d1c}</UniqueIdentifier>
    </Filter>
    <Filter Include="Header Files\Utils">
      <UniqueIdentifier>{97176090-b021-4fff-81e4-b53adbadc423}</UniqueIdentifier>
    </Filter>
    <Filter Include="Header Files\BaseObjects">
      <UniqueIdentifier>{80b847f0-04e0-4975-8895-55671c184a84}</UniqueIdentifier>
    </Filter>
    <Filter Include="Source Files\BaseObjects">
      <UniqueIdentifier>{f6b4f739-78b5-4663-9a97-03b4088551b9}</UniqueIdentifier>
    </Filter>
  </ItemGroup>
  <ItemGroup>
    <ClCompile Include="main.cpp">
      <Filter>Source Files</Filter>
    </ClCompile>
    <ClCompile Include="src\BaseObjects\Figure.cpp">
      <Filter>Source Files\BaseObjects</Filter>
    </ClCompile>
    <ClCompile Include="src\BaseObjects\Point.cpp">
      <Filter>Source Files\BaseObjects</Filter>
    </ClCompile>
    <ClCompile Include="src\Game.cpp">
      <Filter>Source Files</Filter>
    </ClCompile>
    <ClCompile Include="src\Scene\MainScene.cpp">
      <Filter>Source Files</Filter>
    </ClCompile>
    <ClCompile Include="src\Utils\LogHandler.cpp">
      <Filter>Source Files</Filter>
    </ClCompile>
    <ClCompile Include="src\Figures\JFigure.cpp">
      <Filter>Source Files</Filter>
    </ClCompile>
    <ClCompile Include="src\Figures\LFigure.cpp">
      <Filter>Source Files</Filter>
    </ClCompile>
    <ClCompile Include="src\Figures\OFigure.cpp">
      <Filter>Source Files</Filter>
    </ClCompile>
    <ClCompile Include="src\Figures\SFigure.cpp">
      <Filter>Source Files</Filter>
    </ClCompile>
    <ClCompile Include="src\Figures\TFigure.cpp">
      <Filter>Source Files</Filter>
    </ClCompile>
    <ClCompile Include="src\Figures\ZFigure.cpp">
      <Filter>Source Files</Filter>
    </ClCompile>
    <ClCompile Include="src\Figures\IFigure.cpp">
      <Filter>Source Files</Filter>
    </ClCompile>
  </ItemGroup>
  <ItemGroup>
    <ClInclude Include="src\Consts.hpp">
      <Filter>Source Files</Filter>
    </ClInclude>
    <ClInclude Include="src\BaseObjects\Figure.hpp">
      <Filter>Header Files\BaseObjects</Filter>
    </ClInclude>
    <ClInclude Include="src\BaseObjects\Point.hpp">
      <Filter>Header Files\BaseObjects</Filter>
    </ClInclude>
    <ClInclude Include="src\Game.hpp">
      <Filter>Header Files</Filter>
    </ClInclude>
    <ClInclude Include="src\Scene\IConsoleScene.hpp">
      <Filter>Header Files</Filter>
    </ClInclude>
    <ClInclude Include="src\Scene\MainScene.hpp">
      <Filter>Header Files</Filter>
    </ClInclude>
    <ClInclude Include="src\Utils\LogHandler.hpp">
      <Filter>Header Files</Filter>
    </ClInclude>
    <ClInclude Include="src\Figures\JFigure.hpp">
      <Filter>Header Files</Filter>
    </ClInclude>
    <ClInclude Include="src\Figures\LFigure.hpp">
      <Filter>Header Files</Filter>
    </ClInclude>
    <ClInclude Include="src\Figures\OFigure.hpp">
      <Filter>Header Files</Filter>
    </ClInclude>
    <ClInclude Include="src\Figures\SFigure.hpp">
      <Filter>Header Files</Filter>
    </ClInclude>
    <ClInclude Include="src\Figures\TFigure.hpp">
      <Filter>Header Files</Filter>
    </ClInclude>
    <ClInclude Include="src\Figures\ZFigure.hpp">
      <Filter>Header Files</Filter>
    </ClInclude>
    <ClInclude Include="src\Figures\IFigure.hpp">
      <Filter>Header Files</Filter>
    </ClInclude>
  </ItemGroup>
</Project>